
Microsoft Visual Studio Solution File, Format Version 12.00
# Visual Studio Version 16
VisualStudioVersion = 16.0.31129.286
MinimumVisualStudioVersion = 10.0.40219.1
Project("{FAE04EC0-301F-11D3-BF4B-00C04F79EFBC}") = "AcadeProgramador", "AcadeProgramador.csproj", "{51D05E48-CCAD-4711-8974-CF9F30B7B417}"
EndProject
Global
	GlobalSection(SolutionConfigurationPlatforms) = preSolution
		Debug|Any CPU = Debug|Any CPU
		Release|Any CPU = Release|Any CPU
	EndGlobalSection
	GlobalSection(ProjectConfigurationPlatforms) = postSolution
		{51D05E48-CCAD-4711-8974-CF9F30B7B417}.Debug|Any CPU.ActiveCfg = Debug|Any CPU
		{51D05E48-CCAD-4711-8974-CF9F30B7B417}.Debug|Any CPU.Build.0 = Debug|Any CPU
		{51D05E48-CCAD-4711-8974-CF9F30B7B417}.Release|Any CPU.ActiveCfg = Release|Any CPU
		{51D05E48-CCAD-4711-8974-CF9F30B7B417}.Release|Any CPU.Build.0 = Release|Any CPU
	EndGlobalSection
	GlobalSection(SolutionProperties) = preSolution
		HideSolutionNode = FALSE
	EndGlobalSection
	GlobalSection(ExtensibilityGlobals) = postSolution
		SolutionGuid = {A9954410-4302-47C1-AF2B-0F564C898AF8}
	EndGlobalSection
EndGlobal
